
Microsoft Visual Studio Solution File, Format Version 12.00
# Visual Studio Version 16
VisualStudioVersion = 16.0.30907.101
MinimumVisualStudioVersion = 10.0.40219.1
Project("{FAE04EC0-301F-11D3-BF4B-00C04F79EFBC}") = "SudokuWaveFuncCollapse", "SudokuWaveFuncCollapse.csproj", "{7EE2DB4D-4B0E-4729-8C16-13009142AE27}"
EndProject
Global
	GlobalSection(SolutionConfigurationPlatforms) = preSolution
		Debug|Any CPU = Debug|Any CPU
		Release|Any CPU = Release|Any CPU
	EndGlobalSection
	GlobalSection(ProjectConfigurationPlatforms) = postSolution
		{7EE2DB4D-4B0E-4729-8C16-13009142AE27}.Debug|Any CPU.ActiveCfg = Debug|Any CPU
		{7EE2DB4D-4B0E-4729-8C16-13009142AE27}.Debug|Any CPU.Build.0 = Debug|Any CPU
		{7EE2DB4D-4B0E-4729-8C16-13009142AE27}.Release|Any CPU.ActiveCfg = Release|Any CPU
		{7EE2DB4D-4B0E-4729-8C16-13009142AE27}.Release|Any CPU.Build.0 = Release|Any CPU
	EndGlobalSection
	GlobalSection(SolutionProperties) = preSolution
		HideSolutionNode = FALSE
	EndGlobalSection
	GlobalSection(ExtensibilityGlobals) = postSolution
		SolutionGuid = {85DF7FBD-CFCF-432E-9AD3-FABE7A022AD7}
	EndGlobalSection
EndGlobal
